// !$*UTF8*$!
{
	archiveVersion = 1;
	classes = {
	};
	objectVersion = 55;
	objects = {

/* Begin PBXBuildFile section */
		5703390D269597DE00CC8AAF /* MemberView.swift in Sources */ = {isa = PBXBuildFile; fileRef = 5703390C269597DD00CC8AAF /* MemberView.swift */; };
		5703390F2695ACCD00CC8AAF /* FindAccountView.swift in Sources */ = {isa = PBXBuildFile; fileRef = 5703390E2695ACCD00CC8AAF /* FindAccountView.swift */; };
		570339122696FBA900CC8AAF /* FindIDRow.swift in Sources */ = {isa = PBXBuildFile; fileRef = 570339112696FBA900CC8AAF /* FindIDRow.swift */; };
		5703618E26846E71009557B3 /* SideMenuView.swift in Sources */ = {isa = PBXBuildFile; fileRef = 5703618D26846E71009557B3 /* SideMenuView.swift */; };
		5750E5D1268ADD59000B872E /* LoginView.swift in Sources */ = {isa = PBXBuildFile; fileRef = 5750E5D0268ADD59000B872E /* LoginView.swift */; };
		5750E5D6268AE000000B872E /* GuestView.swift in Sources */ = {isa = PBXBuildFile; fileRef = 5750E5D5268AE000000B872E /* GuestView.swift */; };
		5750E5D8268AE0B0000B872E /* TabBarButton.swift in Sources */ = {isa = PBXBuildFile; fileRef = 5750E5D7268AE0B0000B872E /* TabBarButton.swift */; };
		5750E5DA268AE1F1000B872E /* TopTabBarView.swift in Sources */ = {isa = PBXBuildFile; fileRef = 5750E5D9268AE1F1000B872E /* TopTabBarView.swift */; };
		5750E5DC268AE51D000B872E /* EdgeBorder.swift in Sources */ = {isa = PBXBuildFile; fileRef = 5750E5DB268AE51D000B872E /* EdgeBorder.swift */; };
		576C2D4A269421EE00494242 /* AlertView.swift in Sources */ = {isa = PBXBuildFile; fileRef = 576C2D49269421EE00494242 /* AlertView.swift */; };
		577F942B2681D6A60087678A /* SelectableMenuView.swift in Sources */ = {isa = PBXBuildFile; fileRef = 577F942A2681D6A60087678A /* SelectableMenuView.swift */; };
		5799C5902681AD7E00D156E3 /* TravelAgencyTestApp.swift in Sources */ = {isa = PBXBuildFile; fileRef = 5799C58F2681AD7E00D156E3 /* TravelAgencyTestApp.swift */; };
		5799C5922681AD7E00D156E3 /* ContentView.swift in Sources */ = {isa = PBXBuildFile; fileRef = 5799C5912681AD7E00D156E3 /* ContentView.swift */; };
		5799C5942681AD7F00D156E3 /* Assets.xcassets in Resources */ = {isa = PBXBuildFile; fileRef = 5799C5932681AD7F00D156E3 /* Assets.xcassets */; };
		5799C5972681AD7F00D156E3 /* Preview Assets.xcassets in Resources */ = {isa = PBXBuildFile; fileRef = 5799C5962681AD7F00D156E3 /* Preview Assets.xcassets */; };
		57B335712682AA7E0021E645 /* ListView.swift in Sources */ = {isa = PBXBuildFile; fileRef = 57B335702682AA7E0021E645 /* ListView.swift */; };
		57CA1966269C1DE6009EEE43 /* Extension.swift in Sources */ = {isa = PBXBuildFile; fileRef = 57CA1965269C1DE6009EEE43 /* Extension.swift */; };
		57F7CAE2269AF123000B01F0 /* PhoneNumberAuth.swift in Sources */ = {isa = PBXBuildFile; fileRef = 57F7CAE1269AF123000B01F0 /* PhoneNumberAuth.swift */; };
/* End PBXBuildFile section */

/* Begin PBXFileReference section */
		5703390C269597DD00CC8AAF /* MemberView.swift */ = {isa = PBXFileReference; fileEncoding = 4; lastKnownFileType = sourcecode.swift; path = MemberView.swift; sourceTree = "<group>"; };
		5703390E2695ACCD00CC8AAF /* FindAccountView.swift */ = {isa = PBXFileReference; lastKnownFileType = sourcecode.swift; path = FindAccountView.swift; sourceTree = "<group>"; };
		570339112696FBA900CC8AAF /* FindIDRow.swift */ = {isa = PBXFileReference; lastKnownFileType = sourcecode.swift; path = FindIDRow.swift; sourceTree = "<group>"; };
		5703618D26846E71009557B3 /* SideMenuView.swift */ = {isa = PBXFileReference; lastKnownFileType = sourcecode.swift; path = SideMenuView.swift; sourceTree = "<group>"; };
		57197E0A2689AD740017D5CB /* Info.plist */ = {isa = PBXFileReference; lastKnownFileType = text.plist; path = Info.plist; sourceTree = "<group>"; };
		5750E5D0268ADD59000B872E /* LoginView.swift */ = {isa = PBXFileReference; lastKnownFileType = sourcecode.swift; path = LoginView.swift; sourceTree = "<group>"; };
		5750E5D5268AE000000B872E /* GuestView.swift */ = {isa = PBXFileReference; lastKnownFileType = sourcecode.swift; path = GuestView.swift; sourceTree = "<group>"; };
		5750E5D7268AE0B0000B872E /* TabBarButton.swift */ = {isa = PBXFileReference; lastKnownFileType = sourcecode.swift; path = TabBarButton.swift; sourceTree = "<group>"; };
		5750E5D9268AE1F1000B872E /* TopTabBarView.swift */ = {isa = PBXFileReference; lastKnownFileType = sourcecode.swift; path = TopTabBarView.swift; sourceTree = "<group>"; };
		5750E5DB268AE51D000B872E /* EdgeBorder.swift */ = {isa = PBXFileReference; lastKnownFileType = sourcecode.swift; path = EdgeBorder.swift; sourceTree = "<group>"; };
		576C2D49269421EE00494242 /* AlertView.swift */ = {isa = PBXFileReference; lastKnownFileType = sourcecode.swift; path = AlertView.swift; sourceTree = "<group>"; };
		577F942A2681D6A60087678A /* SelectableMenuView.swift */ = {isa = PBXFileReference; lastKnownFileType = sourcecode.swift; path = SelectableMenuView.swift; sourceTree = "<group>"; };
		5799C58C2681AD7E00D156E3 /* TravelAgencyTest.app */ = {isa = PBXFileReference; explicitFileType = wrapper.application; includeInIndex = 0; path = TravelAgencyTest.app; sourceTree = BUILT_PRODUCTS_DIR; };
		5799C58F2681AD7E00D156E3 /* TravelAgencyTestApp.swift */ = {isa = PBXFileReference; lastKnownFileType = sourcecode.swift; path = TravelAgencyTestApp.swift; sourceTree = "<group>"; };
		5799C5912681AD7E00D156E3 /* ContentView.swift */ = {isa = PBXFileReference; lastKnownFileType = sourcecode.swift; path = ContentView.swift; sourceTree = "<group>"; };
		5799C5932681AD7F00D156E3 /* Assets.xcassets */ = {isa = PBXFileReference; lastKnownFileType = folder.assetcatalog; path = Assets.xcassets; sourceTree = "<group>"; };
		5799C5962681AD7F00D156E3 /* Preview Assets.xcassets */ = {isa = PBXFileReference; lastKnownFileType = folder.assetcatalog; path = "Preview Assets.xcassets"; sourceTree = "<group>"; };
		57B335702682AA7E0021E645 /* ListView.swift */ = {isa = PBXFileReference; lastKnownFileType = sourcecode.swift; path = ListView.swift; sourceTree = "<group>"; };
		57CA1965269C1DE6009EEE43 /* Extension.swift */ = {isa = PBXFileReference; lastKnownFileType = sourcecode.swift; path = Extension.swift; sourceTree = "<group>"; };
		57F7CAE1269AF123000B01F0 /* PhoneNumberAuth.swift */ = {isa = PBXFileReference; lastKnownFileType = sourcecode.swift; path = PhoneNumberAuth.swift; sourceTree = "<group>"; };
/* End PBXFileReference section */

/* Begin PBXFrameworksBuildPhase section */
		5799C5892681AD7E00D156E3 /* Frameworks */ = {
			isa = PBXFrameworksBuildPhase;
			buildActionMask = 2147483647;
			files = (
			);
			runOnlyForDeploymentPostprocessing = 0;
		};
/* End PBXFrameworksBuildPhase section */

/* Begin PBXGroup section */
		570339152696FC1700CC8AAF /* FindAccount */ = {
			isa = PBXGroup;
			children = (
				5703390E2695ACCD00CC8AAF /* FindAccountView.swift */,
				570339112696FBA900CC8AAF /* FindIDRow.swift */,
				57F7CAE1269AF123000B01F0 /* PhoneNumberAuth.swift */,
			);
			path = FindAccount;
			sourceTree = "<group>";
		};
		5750E5D2268ADFC7000B872E /* Login */ = {
			isa = PBXGroup;
			children = (
				5750E5D0268ADD59000B872E /* LoginView.swift */,
				5703390C269597DD00CC8AAF /* MemberView.swift */,
				5750E5D5268AE000000B872E /* GuestView.swift */,
				5750E5D9268AE1F1000B872E /* TopTabBarView.swift */,
				5750E5D7268AE0B0000B872E /* TabBarButton.swift */,
				5750E5DB268AE51D000B872E /* EdgeBorder.swift */,
				576C2D49269421EE00494242 /* AlertView.swift */,
			);
			path = Login;
			sourceTree = "<group>";
		};
		5799C5832681AD7E00D156E3 = {
			isa = PBXGroup;
			children = (
				5799C58E2681AD7E00D156E3 /* TravelAgencyTest */,
				5799C58D2681AD7E00D156E3 /* Products */,
			);
			sourceTree = "<group>";
		};
		5799C58D2681AD7E00D156E3 /* Products */ = {
			isa = PBXGroup;
			children = (
				5799C58C2681AD7E00D156E3 /* TravelAgencyTest.app */,
			);
			name = Products;
			sourceTree = "<group>";
		};
		5799C58E2681AD7E00D156E3 /* TravelAgencyTest */ = {
			isa = PBXGroup;
			children = (
				570339152696FC1700CC8AAF /* FindAccount */,
				5750E5D2268ADFC7000B872E /* Login */,
				57197E0A2689AD740017D5CB /* Info.plist */,
				57CA1965269C1DE6009EEE43 /* Extension.swift */,
				5799C5912681AD7E00D156E3 /* ContentView.swift */,
				5799C58F2681AD7E00D156E3 /* TravelAgencyTestApp.swift */,
				5703618D26846E71009557B3 /* SideMenuView.swift */,
				57B335702682AA7E0021E645 /* ListView.swift */,
				577F942A2681D6A60087678A /* SelectableMenuView.swift */,
				5799C5932681AD7F00D156E3 /* Assets.xcassets */,
				5799C5952681AD7F00D156E3 /* Preview Content */,
			);
			path = TravelAgencyTest;
			sourceTree = "<group>";
		};
		5799C5952681AD7F00D156E3 /* Preview Content */ = {
			isa = PBXGroup;
			children = (
				5799C5962681AD7F00D156E3 /* Preview Assets.xcassets */,
			);
			path = "Preview Content";
			sourceTree = "<group>";
		};
/* End PBXGroup section */

/* Begin PBXNativeTarget section */
		5799C58B2681AD7E00D156E3 /* TravelAgencyTest */ = {
			isa = PBXNativeTarget;
			buildConfigurationList = 5799C59A2681AD7F00D156E3 /* Build configuration list for PBXNativeTarget "TravelAgencyTest" */;
			buildPhases = (
				5799C5882681AD7E00D156E3 /* Sources */,
				5799C5892681AD7E00D156E3 /* Frameworks */,
				5799C58A2681AD7E00D156E3 /* Resources */,
			);
			buildRules = (
			);
			dependencies = (
			);
			name = TravelAgencyTest;
			productName = TravelAgencyTest;
			productReference = 5799C58C2681AD7E00D156E3 /* TravelAgencyTest.app */;
			productType = "com.apple.product-type.application";
		};
/* End PBXNativeTarget section */

/* Begin PBXProject section */
		5799C5842681AD7E00D156E3 /* Project object */ = {
			isa = PBXProject;
			attributes = {
				BuildIndependentTargetsInParallel = 1;
				LastSwiftUpdateCheck = 1300;
				LastUpgradeCheck = 1300;
				TargetAttributes = {
					5799C58B2681AD7E00D156E3 = {
						CreatedOnToolsVersion = 13.0;
					};
				};
			};
			buildConfigurationList = 5799C5872681AD7E00D156E3 /* Build configuration list for PBXProject "TravelAgencyTest" */;
			compatibilityVersion = "Xcode 13.0";
			developmentRegion = en;
			hasScannedForEncodings = 0;
			knownRegions = (
				en,
				Base,
			);
			mainGroup = 5799C5832681AD7E00D156E3;
			productRefGroup = 5799C58D2681AD7E00D156E3 /* Products */;
			projectDirPath = "";
			projectRoot = "";
			targets = (
				5799C58B2681AD7E00D156E3 /* TravelAgencyTest */,
			);
		};
/* End PBXProject section */

/* Begin PBXResourcesBuildPhase section */
		5799C58A2681AD7E00D156E3 /* Resources */ = {
			isa = PBXResourcesBuildPhase;
			buildActionMask = 2147483647;
			files = (
				5799C5972681AD7F00D156E3 /* Preview Assets.xcassets in Resources */,
				5799C5942681AD7F00D156E3 /* Assets.xcassets in Resources */,
			);
			runOnlyForDeploymentPostprocessing = 0;
		};
/* End PBXResourcesBuildPhase section */

/* Begin PBXSourcesBuildPhase section */
		5799C5882681AD7E00D156E3 /* Sources */ = {
			isa = PBXSourcesBuildPhase;
			buildActionMask = 2147483647;
			files = (
				570339122696FBA900CC8AAF /* FindIDRow.swift in Sources */,
				5750E5D1268ADD59000B872E /* LoginView.swift in Sources */,
				5703390F2695ACCD00CC8AAF /* FindAccountView.swift in Sources */,
				5703390D269597DE00CC8AAF /* MemberView.swift in Sources */,
				57F7CAE2269AF123000B01F0 /* PhoneNumberAuth.swift in Sources */,
				5799C5922681AD7E00D156E3 /* ContentView.swift in Sources */,
				5750E5DC268AE51D000B872E /* EdgeBorder.swift in Sources */,
				5750E5DA268AE1F1000B872E /* TopTabBarView.swift in Sources */,
				576C2D4A269421EE00494242 /* AlertView.swift in Sources */,
				57CA1966269C1DE6009EEE43 /* Extension.swift in Sources */,
				57B335712682AA7E0021E645 /* ListView.swift in Sources */,
				5703618E26846E71009557B3 /* SideMenuView.swift in Sources */,
				5750E5D8268AE0B0000B872E /* TabBarButton.swift in Sources */,
				5750E5D6268AE000000B872E /* GuestView.swift in Sources */,
				5799C5902681AD7E00D156E3 /* TravelAgencyTestApp.swift in Sources */,
				577F942B2681D6A60087678A /* SelectableMenuView.swift in Sources */,
			);
			runOnlyForDeploymentPostprocessing = 0;
		};
/* End PBXSourcesBuildPhase section */

/* Begin XCBuildConfiguration section */
		5799C5982681AD7F00D156E3 /* Debug */ = {
			isa = XCBuildConfiguration;
			buildSettings = {
				ALWAYS_SEARCH_USER_PATHS = NO;
				CLANG_ANALYZER_NONNULL = YES;
				CLANG_ANALYZER_NUMBER_OBJECT_CONVERSION = YES_AGGRESSIVE;
				CLANG_CXX_LANGUAGE_STANDARD = "gnu++14";
				CLANG_CXX_LIBRARY = "libc++";
				CLANG_ENABLE_MODULES = YES;
				CLANG_ENABLE_OBJC_ARC = YES;
				CLANG_ENABLE_OBJC_WEAK = YES;
				CLANG_WARN_BLOCK_CAPTURE_AUTORELEASING = YES;
				CLANG_WARN_BOOL_CONVERSION = YES;
				CLANG_WARN_COMMA = YES;
				CLANG_WARN_CONSTANT_CONVERSION = YES;
				CLANG_WARN_DEPRECATED_OBJC_IMPLEMENTATIONS = YES;
				CLANG_WARN_DIRECT_OBJC_ISA_USAGE = YES_ERROR;
				CLANG_WARN_DOCUMENTATION_COMMENTS = YES;
				CLANG_WARN_EMPTY_BODY = YES;
				CLANG_WARN_ENUM_CONVERSION = YES;
				CLANG_WARN_INFINITE_RECURSION = YES;
				CLANG_WARN_INT_CONVERSION = YES;
				CLANG_WARN_NON_LITERAL_NULL_CONVERSION = YES;
				CLANG_WARN_OBJC_IMPLICIT_RETAIN_SELF = YES;
				CLANG_WARN_OBJC_LITERAL_CONVERSION = YES;
				CLANG_WARN_OBJC_ROOT_CLASS = YES_ERROR;
				CLANG_WARN_QUOTED_INCLUDE_IN_FRAMEWORK_HEADER = YES;
				CLANG_WARN_RANGE_LOOP_ANALYSIS = YES;
				CLANG_WARN_STRICT_PROTOTYPES = YES;
				CLANG_WARN_SUSPICIOUS_MOVE = YES;
				CLANG_WARN_UNGUARDED_AVAILABILITY = YES_AGGRESSIVE;
				CLANG_WARN_UNREACHABLE_CODE = YES;
				CLANG_WARN__DUPLICATE_METHOD_MATCH = YES;
				COPY_PHASE_STRIP = NO;
				DEBUG_INFORMATION_FORMAT = dwarf;
				ENABLE_STRICT_OBJC_MSGSEND = YES;
				ENABLE_TESTABILITY = YES;
				GCC_C_LANGUAGE_STANDARD = gnu11;
				GCC_DYNAMIC_NO_PIC = NO;
				GCC_NO_COMMON_BLOCKS = YES;
				GCC_OPTIMIZATION_LEVEL = 0;
				GCC_PREPROCESSOR_DEFINITIONS = (
					"DEBUG=1",
					"$(inherited)",
				);
				GCC_WARN_64_TO_32_BIT_CONVERSION = YES;
				GCC_WARN_ABOUT_RETURN_TYPE = YES_ERROR;
				GCC_WARN_UNDECLARED_SELECTOR = YES;
				GCC_WARN_UNINITIALIZED_AUTOS = YES_AGGRESSIVE;
				GCC_WARN_UNUSED_FUNCTION = YES;
				GCC_WARN_UNUSED_VARIABLE = YES;
				IPHONEOS_DEPLOYMENT_TARGET = 15.0;
				MTL_ENABLE_DEBUG_INFO = INCLUDE_SOURCE;
				MTL_FAST_MATH = YES;
				ONLY_ACTIVE_ARCH = YES;
				SDKROOT = iphoneos;
				SWIFT_ACTIVE_COMPILATION_CONDITIONS = DEBUG;
				SWIFT_OPTIMIZATION_LEVEL = "-Onone";
			};
			name = Debug;
		};
		5799C5992681AD7F00D156E3 /* Release */ = {
			isa = XCBuildConfiguration;
			buildSettings = {
				ALWAYS_SEARCH_USER_PATHS = NO;
				CLANG_ANALYZER_NONNULL = YES;
				CLANG_ANALYZER_NUMBER_OBJECT_CONVERSION = YES_AGGRESSIVE;
				CLANG_CXX_LANGUAGE_STANDARD = "gnu++14";
				CLANG_CXX_LIBRARY = "libc++";
				CLANG_ENABLE_MODULES = YES;
				CLANG_ENABLE_OBJC_ARC = YES;
				CLANG_ENABLE_OBJC_WEAK = YES;
				CLANG_WARN_BLOCK_CAPTURE_AUTORELEASING = YES;
				CLANG_WARN_BOOL_CONVERSION = YES;
				CLANG_WARN_COMMA = YES;
				CLANG_WARN_CONSTANT_CONVERSION = YES;
				CLANG_WARN_DEPRECATED_OBJC_IMPLEMENTATIONS = YES;
				CLANG_WARN_DIRECT_OBJC_ISA_USAGE = YES_ERROR;
				CLANG_WARN_DOCUMENTATION_COMMENTS = YES;
				CLANG_WARN_EMPTY_BODY = YES;
				CLANG_WARN_ENUM_CONVERSION = YES;
				CLANG_WARN_INFINITE_RECURSION = YES;
				CLANG_WARN_INT_CONVERSION = YES;
				CLANG_WARN_NON_LITERAL_NULL_CONVERSION = YES;
				CLANG_WARN_OBJC_IMPLICIT_RETAIN_SELF = YES;
				CLANG_WARN_OBJC_LITERAL_CONVERSION = YES;
				CLANG_WARN_OBJC_ROOT_CLASS = YES_ERROR;
				CLANG_WARN_QUOTED_INCLUDE_IN_FRAMEWORK_HEADER = YES;
				CLANG_WARN_RANGE_LOOP_ANALYSIS = YES;
				CLANG_WARN_STRICT_PROTOTYPES = YES;
				CLANG_WARN_SUSPICIOUS_MOVE = YES;
				CLANG_WARN_UNGUARDED_AVAILABILITY = YES_AGGRESSIVE;
				CLANG_WARN_UNREACHABLE_CODE = YES;
				CLANG_WARN__DUPLICATE_METHOD_MATCH = YES;
				COPY_PHASE_STRIP = NO;
				DEBUG_INFORMATION_FORMAT = "dwarf-with-dsym";
				ENABLE_NS_ASSERTIONS = NO;
				ENABLE_STRICT_OBJC_MSGSEND = YES;
				GCC_C_LANGUAGE_STANDARD = gnu11;
				GCC_NO_COMMON_BLOCKS = YES;
				GCC_WARN_64_TO_32_BIT_CONVERSION = YES;
				GCC_WARN_ABOUT_RETURN_TYPE = YES_ERROR;
				GCC_WARN_UNDECLARED_SELECTOR = YES;
				GCC_WARN_UNINITIALIZED_AUTOS = YES_AGGRESSIVE;
				GCC_WARN_UNUSED_FUNCTION = YES;
				GCC_WARN_UNUSED_VARIABLE = YES;
				IPHONEOS_DEPLOYMENT_TARGET = 15.0;
				MTL_ENABLE_DEBUG_INFO = NO;
				MTL_FAST_MATH = YES;
				SDKROOT = iphoneos;
				SWIFT_COMPILATION_MODE = wholemodule;
				SWIFT_OPTIMIZATION_LEVEL = "-O";
				VALIDATE_PRODUCT = YES;
			};
			name = Release;
		};
		5799C59B2681AD7F00D156E3 /* Debug */ = {
			isa = XCBuildConfiguration;
			buildSettings = {
				ASSETCATALOG_COMPILER_APPICON_NAME = AppIcon;
				ASSETCATALOG_COMPILER_GLOBAL_ACCENT_COLOR_NAME = AccentColor;
				CODE_SIGN_STYLE = Automatic;
				CURRENT_PROJECT_VERSION = 1;
				DEVELOPMENT_ASSET_PATHS = "\"TravelAgencyTest/Preview Content\"";
				DEVELOPMENT_TEAM = AK73969HFN;
				ENABLE_PREVIEWS = YES;
				GENERATE_INFOPLIST_FILE = YES;
				INFOPLIST_FILE = TravelAgencyTest/Info.plist;
				INFOPLIST_KEY_CFBundleExecutable = TravelAgencyTest;
				INFOPLIST_KEY_CFBundleName = TravelAgencyTest;
				INFOPLIST_KEY_CFBundleVersion = 1;
				INFOPLIST_KEY_UIApplicationSceneManifest_Generation = YES;
				INFOPLIST_KEY_UIApplicationSupportsIndirectInputEvents = YES;
				INFOPLIST_KEY_UILaunchScreen_Generation = YES;
				INFOPLIST_KEY_UIStatusBarHidden = NO;
				INFOPLIST_KEY_UISupportedInterfaceOrientations_iPad = "UIInterfaceOrientationPortrait UIInterfaceOrientationPortraitUpsideDown UIInterfaceOrientationLandscapeLeft UIInterfaceOrientationLandscapeRight";
				INFOPLIST_KEY_UISupportedInterfaceOrientations_iPhone = "UIInterfaceOrientationPortrait UIInterfaceOrientationLandscapeLeft UIInterfaceOrientationLandscapeRight";
				IPHONEOS_DEPLOYMENT_TARGET = 14.0;
				LD_RUNPATH_SEARCH_PATHS = (
					"$(inherited)",
					"@executable_path/Frameworks",
				);
				MARKETING_VERSION = 1.0;
				PRODUCT_BUNDLE_IDENTIFIER = sobamemil.TravelAgencyTest;
				PRODUCT_NAME = "$(TARGET_NAME)";
				SWIFT_EMIT_LOC_STRINGS = YES;
				SWIFT_VERSION = 5.0;
				TARGETED_DEVICE_FAMILY = 1;
			};
			name = Debug;
		};
		5799C59C2681AD7F00D156E3 /* Release */ = {
			isa = XCBuildConfiguration;
			buildSettings = {
				ASSETCATALOG_COMPILER_APPICON_NAME = AppIcon;
				ASSETCATALOG_COMPILER_GLOBAL_ACCENT_COLOR_NAME = AccentColor;
				CODE_SIGN_STYLE = Automatic;
				CURRENT_PROJECT_VERSION = 1;
				DEVELOPMENT_ASSET_PATHS = "\"TravelAgencyTest/Preview Content\"";
				DEVELOPMENT_TEAM = AK73969HFN;
				ENABLE_PREVIEWS = YES;
				GENERATE_INFOPLIST_FILE = YES;
				INFOPLIST_FILE = TravelAgencyTest/Info.plist;
				INFOPLIST_KEY_CFBundleExecutable = TravelAgencyTest;
				INFOPLIST_KEY_CFBundleName = TravelAgencyTest;
				INFOPLIST_KEY_CFBundleVersion = 1;
				INFOPLIST_KEY_UIApplicationSceneManifest_Generation = YES;
				INFOPLIST_KEY_UIApplicationSupportsIndirectInputEvents = YES;
				INFOPLIST_KEY_UILaunchScreen_Generation = YES;
				INFOPLIST_KEY_UIStatusBarHidden = NO;
				INFOPLIST_KEY_UISupportedInterfaceOrientations_iPad = "UIInterfaceOrientationPortrait UIInterfaceOrientationPortraitUpsideDown UIInterfaceOrientationLandscapeLeft UIInterfaceOrientationLandscapeRight";
				INFOPLIST_KEY_UISupportedInterfaceOrientations_iPhone = "UIInterfaceOrientationPortrait UIInterfaceOrientationLandscapeLeft UIInterfaceOrientationLandscapeRight";
				IPHONEOS_DEPLOYMENT_TARGET = 14.0;
				LD_RUNPATH_SEARCH_PATHS = (
					"$(inherited)",
					"@executable_path/Frameworks",
				);
				MARKETING_VERSION = 1.0;
				PRODUCT_BUNDLE_IDENTIFIER = sobamemil.TravelAgencyTest;
				PRODUCT_NAME = "$(TARGET_NAME)";
				SWIFT_EMIT_LOC_STRINGS = YES;
				SWIFT_VERSION = 5.0;
				TARGETED_DEVICE_FAMILY = 1;
			};
			name = Release;
		};
/* End XCBuildConfiguration section */

/* Begin XCConfigurationList section */
		5799C5872681AD7E00D156E3 /* Build configuration list for PBXProject "TravelAgencyTest" */ = {
			isa = XCConfigurationList;
			buildConfigurations = (
				5799C5982681AD7F00D156E3 /* Debug */,
				5799C5992681AD7F00D156E3 /* Release */,
			);
			defaultConfigurationIsVisible = 0;
			defaultConfigurationName = Release;
		};
		5799C59A2681AD7F00D156E3 /* Build configuration list for PBXNativeTarget "TravelAgencyTest" */ = {
			isa = XCConfigurationList;
			buildConfigurations = (
				5799C59B2681AD7F00D156E3 /* Debug */,
				5799C59C2681AD7F00D156E3 /* Release */,
			);
			defaultConfigurationIsVisible = 0;
			defaultConfigurationName = Release;
		};
/* End XCConfigurationList section */
	};
	rootObject = 5799C5842681AD7E00D156E3 /* Project object */;
}
